
Microsoft Visual Studio Solution File, Format Version 12.00
# Visual Studio Version 17
VisualStudioVersion = 17.3.32901.215
MinimumVisualStudioVersion = 10.0.40219.1
Project("{8BC9CEB8-8B4A-11D0-8D11-00A0C91BC942}") = "DataStruct", "DataStruct\DataStruct.vcxproj", "{3ABB093B-4722-4609-B785-E330EC2E8F14}"
EndProject
Project("{8BC9CEB8-8B4A-11D0-8D11-00A0C91BC942}") = "SingleLinkedList", "SingleLinkedList\SingleLinkedList.vcxproj", "{833FDF61-BB1D-4C7F-A388-E31C03AA8A9F}"
EndProject
Project("{8BC9CEB8-8B4A-11D0-8D11-00A0C91BC942}") = "List_Function", "List_Function\List_Function.vcxproj", "{7D73A3FB-8AF4-4709-913A-41009BEB8B76}"
EndProject
Project("{8BC9CEB8-8B4A-11D0-8D11-00A0C91BC942}") = "DoubleLinkedLisk", "DoubleLinkedLisk\DoubleLinkedLisk.vcxproj", "{8B89E0C7-65FB-40A9-9239-48FB7C5AA8E3}"
EndProject
Project("{8BC9CEB8-8B4A-11D0-8D11-00A0C91BC942}") = "Bubble_Sort", "Bubble_Sort\Bubble_Sort.vcxproj", "{DE594689-F835-42F3-9F80-324AA96BFE88}"
EndProject
Project("{8BC9CEB8-8B4A-11D0-8D11-00A0C91BC942}") = "Select_Sort", "Select_Sort\Select_Sort.vcxproj", "{3E7861D7-85D1-45FB-85E6-D19FFBA067CA}"
EndProject
Project("{8BC9CEB8-8B4A-11D0-8D11-00A0C91BC942}") = "LinearQueue", "LinearQueue\LinearQueue.vcxproj", "{184D30D0-9F65-45DD-8BE9-836FD1AA64FE}"
EndProject
Project("{8BC9CEB8-8B4A-11D0-8D11-00A0C91BC942}") = "CircleQueue", "CircleQueue\CircleQueue.vcxproj", "{3048D53C-50B9-4EA3-B3CF-19C06927353D}"
EndProject
Global
	GlobalSection(SolutionConfigurationPlatforms) = preSolution
		Debug|x64 = Debug|x64
		Debug|x86 = Debug|x86
		Release|x64 = Release|x64
		Release|x86 = Release|x86
	EndGlobalSection
	GlobalSection(ProjectConfigurationPlatforms) = postSolution
		{3ABB093B-4722-4609-B785-E330EC2E8F14}.Debug|x64.ActiveCfg = Debug|x64
		{3ABB093B-4722-4609-B785-E330EC2E8F14}.Debug|x64.Build.0 = Debug|x64
		{3ABB093B-4722-4609-B785-E330EC2E8F14}.Debug|x86.ActiveCfg = Debug|Win32
		{3ABB093B-4722-4609-B785-E330EC2E8F14}.Debug|x86.Build.0 = Debug|Win32
		{3ABB093B-4722-4609-B785-E330EC2E8F14}.Release|x64.ActiveCfg = Release|x64
		{3ABB093B-4722-4609-B785-E330EC2E8F14}.Release|x64.Build.0 = Release|x64
		{3ABB093B-4722-4609-B785-E330EC2E8F14}.Release|x86.ActiveCfg = Release|Win32
		{3ABB093B-4722-4609-B785-E330EC2E8F14}.Release|x86.Build.0 = Release|Win32
		{833FDF61-BB1D-4C7F-A388-E31C03AA8A9F}.Debug|x64.ActiveCfg = Debug|x64
		{833FDF61-BB1D-4C7F-A388-E31C03AA8A9F}.Debug|x64.Build.0 = Debug|x64
		{833FDF61-BB1D-4C7F-A388-E31C03AA8A9F}.Debug|x86.ActiveCfg = Debug|Win32
		{833FDF61-BB1D-4C7F-A388-E31C03AA8A9F}.Debug|x86.Build.0 = Debug|Win32
		{833FDF61-BB1D-4C7F-A388-E31C03AA8A9F}.Release|x64.ActiveCfg = Release|x64
		{833FDF61-BB1D-4C7F-A388-E31C03AA8A9F}.Release|x64.Build.0 = Release|x64
		{833FDF61-BB1D-4C7F-A388-E31C03AA8A9F}.Release|x86.ActiveCfg = Release|Win32
		{833FDF61-BB1D-4C7F-A388-E31C03AA8A9F}.Release|x86.Build.0 = Release|Win32
		{7D73A3FB-8AF4-4709-913A-41009BEB8B76}.Debug|x64.ActiveCfg = Debug|x64
		{7D73A3FB-8AF4-4709-913A-41009BEB8B76}.Debug|x64.Build.0 = Debug|x64
		{7D73A3FB-8AF4-4709-913A-41009BEB8B76}.Debug|x86.ActiveCfg = Debug|Win32
		{7D73A3FB-8AF4-4709-913A-41009BEB8B76}.Debug|x86.Build.0 = Debug|Win32
		{7D73A3FB-8AF4-4709-913A-41009BEB8B76}.Release|x64.ActiveCfg = Release|x64
		{7D73A3FB-8AF4-4709-913A-41009BEB8B76}.Release|x64.Build.0 = Release|x64
		{7D73A3FB-8AF4-4709-913A-41009BEB8B76}.Release|x86.ActiveCfg = Release|Win32
		{7D73A3FB-8AF4-4709-913A-41009BEB8B76}.Release|x86.Build.0 = Release|Win32
		{8B89E0C7-65FB-40A9-9239-48FB7C5AA8E3}.Debug|x64.ActiveCfg = Debug|x64
		{8B89E0C7-65FB-40A9-9239-48FB7C5AA8E3}.Debug|x64.Build.0 = Debug|x64
		{8B89E0C7-65FB-40A9-9239-48FB7C5AA8E3}.Debug|x86.ActiveCfg = Debug|Win32
		{8B89E0C7-65FB-40A9-9239-48FB7C5AA8E3}.Debug|x86.Build.0 = Debug|Win32
		{8B89E0C7-65FB-40A9-9239-48FB7C5AA8E3}.Release|x64.ActiveCfg = Release|x64
		{8B89E0C7-65FB-40A9-9239-48FB7C5AA8E3}.Release|x64.Build.0 = Release|x64
		{8B89E0C7-65FB-40A9-9239-48FB7C5AA8E3}.Release|x86.ActiveCfg = Release|Win32
		{8B89E0C7-65FB-40A9-9239-48FB7C5AA8E3}.Release|x86.Build.0 = Release|Win32
		{DE594689-F835-42F3-9F80-324AA96BFE88}.Debug|x64.ActiveCfg = Debug|x64
		{DE594689-F835-42F3-9F80-324AA96BFE88}.Debug|x64.Build.0 = Debug|x64
		{DE594689-F835-42F3-9F80-324AA96BFE88}.Debug|x86.ActiveCfg = Debug|Win32
		{DE594689-F835-42F3-9F80-324AA96BFE88}.Debug|x86.Build.0 = Debug|Win32
		{DE594689-F835-42F3-9F80-324AA96BFE88}.Release|x64.ActiveCfg = Release|x64
		{DE594689-F835-42F3-9F80-324AA96BFE88}.Release|x64.Build.0 = Release|x64
		{DE594689-F835-42F3-9F80-324AA96BFE88}.Release|x86.ActiveCfg = Release|Win32
		{DE594689-F835-42F3-9F80-324AA96BFE88}.Release|x86.Build.0 = Release|Win32
		{3E7861D7-85D1-45FB-85E6-D19FFBA067CA}.Debug|x64.ActiveCfg = Debug|x64
		{3E7861D7-85D1-45FB-85E6-D19FFBA067CA}.Debug|x64.Build.0 = Debug|x64
		{3E7861D7-85D1-45FB-85E6-D19FFBA067CA}.Debug|x86.ActiveCfg = Debug|Win32
		{3E7861D7-85D1-45FB-85E6-D19FFBA067CA}.Debug|x86.Build.0 = Debug|Win32
		{3E7861D7-85D1-45FB-85E6-D19FFBA067CA}.Release|x64.ActiveCfg = Release|x64
		{3E7861D7-85D1-45FB-85E6-D19FFBA067CA}.Release|x64.Build.0 = Release|x64
		{3E7861D7-85D1-45FB-85E6-D19FFBA067CA}.Release|x86.ActiveCfg = Release|Win32
		{3E7861D7-85D1-45FB-85E6-D19FFBA067CA}.Release|x86.Build.0 = Release|Win32
		{184D30D0-9F65-45DD-8BE9-836FD1AA64FE}.Debug|x64.ActiveCfg = Debug|x64
		{184D30D0-9F65-45DD-8BE9-836FD1AA64FE}.Debug|x64.Build.0 = Debug|x64
		{184D30D0-9F65-45DD-8BE9-836FD1AA64FE}.Debug|x86.ActiveCfg = Debug|Win32
		{184D30D0-9F65-45DD-8BE9-836FD1AA64FE}.Debug|x86.Build.0 = Debug|Win32
		{184D30D0-9F65-45DD-8BE9-836FD1AA64FE}.Release|x64.ActiveCfg = Release|x64
		{184D30D0-9F65-45DD-8BE9-836FD1AA64FE}.Release|x64.Build.0 = Release|x64
		{184D30D0-9F65-45DD-8BE9-836FD1AA64FE}.Release|x86.ActiveCfg = Release|Win32
		{184D30D0-9F65-45DD-8BE9-836FD1AA64FE}.Release|x86.Build.0 = Release|Win32
		{3048D53C-50B9-4EA3-B3CF-19C06927353D}.Debug|x64.ActiveCfg = Debug|x64
		{3048D53C-50B9-4EA3-B3CF-19C06927353D}.Debug|x64.Build.0 = Debug|x64
		{3048D53C-50B9-4EA3-B3CF-19C06927353D}.Debug|x86.ActiveCfg = Debug|Win32
		{3048D53C-50B9-4EA3-B3CF-19C06927353D}.Debug|x86.Build.0 = Debug|Win32
		{3048D53C-50B9-4EA3-B3CF-19C06927353D}.Release|x64.ActiveCfg = Release|x64
		{3048D53C-50B9-4EA3-B3CF-19C06927353D}.Release|x64.Build.0 = Release|x64
		{3048D53C-50B9-4EA3-B3CF-19C06927353D}.Release|x86.ActiveCfg = Release|Win32
		{3048D53C-50B9-4EA3-B3CF-19C06927353D}.Release|x86.Build.0 = Release|Win32
	EndGlobalSection
	GlobalSection(SolutionProperties) = preSolution
		HideSolutionNode = FALSE
	EndGlobalSection
	GlobalSection(ExtensibilityGlobals) = postSolution
		SolutionGuid = {7F0F0A3C-F433-4C81-9ACE-F348871DC14A}
	EndGlobalSection
EndGlobal
